// !$*UTF8*$!
{
	archiveVersion = 1;
	classes = {
	};
	objectVersion = 46;
	objects = {

/* Begin PBXBuildFile section */
		3617F03B1F2352F2009A3B02 /* Main.storyboard in Resources */ = {isa = PBXBuildFile; fileRef = 3617F0391F2352F2009A3B02 /* Main.storyboard */; };
		3617F03D1F2352F2009A3B02 /* Assets.xcassets in Resources */ = {isa = PBXBuildFile; fileRef = 3617F03C1F2352F2009A3B02 /* Assets.xcassets */; };
		3617F0401F2352F2009A3B02 /* LaunchScreen.storyboard in Resources */ = {isa = PBXBuildFile; fileRef = 3617F03E1F2352F2009A3B02 /* LaunchScreen.storyboard */; };
		3617F04B1F2352F2009A3B02 /* SkillSwapTests.swift in Sources */ = {isa = PBXBuildFile; fileRef = 3617F04A1F2352F2009A3B02 /* SkillSwapTests.swift */; };
		3617F05C1F2380A6009A3B02 /* MapsViewController.swift in Sources */ = {isa = PBXBuildFile; fileRef = 3617F0591F2380A6009A3B02 /* MapsViewController.swift */; };
		3617F05D1F2380A6009A3B02 /* MenuViewController.swift in Sources */ = {isa = PBXBuildFile; fileRef = 3617F05A1F2380A6009A3B02 /* MenuViewController.swift */; };
		3617F05E1F2380A6009A3B02 /* ProfileViewController.swift in Sources */ = {isa = PBXBuildFile; fileRef = 3617F05B1F2380A6009A3B02 /* ProfileViewController.swift */; };
		3617F0601F2380B6009A3B02 /* defaultPerson.png in Resources */ = {isa = PBXBuildFile; fileRef = 3617F05F1F2380B6009A3B02 /* defaultPerson.png */; };
		3617F0621F2380BF009A3B02 /* AppDelegate.swift in Sources */ = {isa = PBXBuildFile; fileRef = 3617F0611F2380BF009A3B02 /* AppDelegate.swift */; };
		3617F0641F2385C0009A3B02 /* LoginViewController.swift in Sources */ = {isa = PBXBuildFile; fileRef = 3617F0631F2385C0009A3B02 /* LoginViewController.swift */; };
		3617F0661F24A851009A3B02 /* RegisterViewController.swift in Sources */ = {isa = PBXBuildFile; fileRef = 3617F0651F24A851009A3B02 /* RegisterViewController.swift */; };
		3617F0681F24AB93009A3B02 /* User.swift in Sources */ = {isa = PBXBuildFile; fileRef = 3617F0671F24AB92009A3B02 /* User.swift */; };
		363EB0FF1F273CEE00324C01 /* GlobalVar.swift in Sources */ = {isa = PBXBuildFile; fileRef = 363EB0FE1F273CEE00324C01 /* GlobalVar.swift */; };
		36A8BF7B1F2B4AA30091711D /* ManageSkillsViewController.swift in Sources */ = {isa = PBXBuildFile; fileRef = 36A8BF7A1F2B4AA30091711D /* ManageSkillsViewController.swift */; };
		36A8BF7D1F2B831E0091711D /* TableCell.swift in Sources */ = {isa = PBXBuildFile; fileRef = 36A8BF7C1F2B831E0091711D /* TableCell.swift */; };
/* End PBXBuildFile section */

/* Begin PBXContainerItemProxy section */
		3617F0471F2352F2009A3B02 /* PBXContainerItemProxy */ = {
			isa = PBXContainerItemProxy;
			containerPortal = 3617F02A1F2352F1009A3B02 /* Project object */;
			proxyType = 1;
			remoteGlobalIDString = 3617F0311F2352F2009A3B02;
			remoteInfo = SkillSwap;
		};
/* End PBXContainerItemProxy section */

/* Begin PBXFileReference section */
		3617F0321F2352F2009A3B02 /* SkillSwap.app */ = {isa = PBXFileReference; explicitFileType = wrapper.application; includeInIndex = 0; path = SkillSwap.app; sourceTree = BUILT_PRODUCTS_DIR; };
		3617F03A1F2352F2009A3B02 /* Base */ = {isa = PBXFileReference; lastKnownFileType = file.storyboard; name = Base; path = Base.lproj/Main.storyboard; sourceTree = "<group>"; };
		3617F03C1F2352F2009A3B02 /* Assets.xcassets */ = {isa = PBXFileReference; lastKnownFileType = folder.assetcatalog; path = Assets.xcassets; sourceTree = "<group>"; };
		3617F03F1F2352F2009A3B02 /* Base */ = {isa = PBXFileReference; lastKnownFileType = file.storyboard; name = Base; path = Base.lproj/LaunchScreen.storyboard; sourceTree = "<group>"; };
		3617F0411F2352F2009A3B02 /* Info.plist */ = {isa = PBXFileReference; lastKnownFileType = text.plist.xml; path = Info.plist; sourceTree = "<group>"; };
		3617F0461F2352F2009A3B02 /* SkillSwapTests.xctest */ = {isa = PBXFileReference; explicitFileType = wrapper.cfbundle; includeInIndex = 0; path = SkillSwapTests.xctest; sourceTree = BUILT_PRODUCTS_DIR; };
		3617F04A1F2352F2009A3B02 /* SkillSwapTests.swift */ = {isa = PBXFileReference; lastKnownFileType = sourcecode.swift; path = SkillSwapTests.swift; sourceTree = "<group>"; };
		3617F04C1F2352F2009A3B02 /* Info.plist */ = {isa = PBXFileReference; lastKnownFileType = text.plist.xml; path = Info.plist; sourceTree = "<group>"; };
		3617F0591F2380A6009A3B02 /* MapsViewController.swift */ = {isa = PBXFileReference; fileEncoding = 4; lastKnownFileType = sourcecode.swift; path = MapsViewController.swift; sourceTree = "<group>"; };
		3617F05A1F2380A6009A3B02 /* MenuViewController.swift */ = {isa = PBXFileReference; fileEncoding = 4; lastKnownFileType = sourcecode.swift; path = MenuViewController.swift; sourceTree = "<group>"; };
		3617F05B1F2380A6009A3B02 /* ProfileViewController.swift */ = {isa = PBXFileReference; fileEncoding = 4; lastKnownFileType = sourcecode.swift; path = ProfileViewController.swift; sourceTree = "<group>"; };
		3617F05F1F2380B6009A3B02 /* defaultPerson.png */ = {isa = PBXFileReference; lastKnownFileType = image.png; path = defaultPerson.png; sourceTree = "<group>"; };
		3617F0611F2380BF009A3B02 /* AppDelegate.swift */ = {isa = PBXFileReference; fileEncoding = 4; lastKnownFileType = sourcecode.swift; path = AppDelegate.swift; sourceTree = "<group>"; };
		3617F0631F2385C0009A3B02 /* LoginViewController.swift */ = {isa = PBXFileReference; fileEncoding = 4; lastKnownFileType = sourcecode.swift; path = LoginViewController.swift; sourceTree = "<group>"; };
		3617F0651F24A851009A3B02 /* RegisterViewController.swift */ = {isa = PBXFileReference; fileEncoding = 4; lastKnownFileType = sourcecode.swift; path = RegisterViewController.swift; sourceTree = "<group>"; };
		3617F0671F24AB92009A3B02 /* User.swift */ = {isa = PBXFileReference; fileEncoding = 4; lastKnownFileType = sourcecode.swift; path = User.swift; sourceTree = "<group>"; };
		363EB0FE1F273CEE00324C01 /* GlobalVar.swift */ = {isa = PBXFileReference; fileEncoding = 4; lastKnownFileType = sourcecode.swift; path = GlobalVar.swift; sourceTree = "<group>"; };
		36A8BF7A1F2B4AA30091711D /* ManageSkillsViewController.swift */ = {isa = PBXFileReference; fileEncoding = 4; lastKnownFileType = sourcecode.swift; path = ManageSkillsViewController.swift; sourceTree = "<group>"; };
		36A8BF7C1F2B831E0091711D /* TableCell.swift */ = {isa = PBXFileReference; fileEncoding = 4; lastKnownFileType = sourcecode.swift; path = TableCell.swift; sourceTree = "<group>"; };
/* End PBXFileReference section */

/* Begin PBXFrameworksBuildPhase section */
		3617F02F1F2352F2009A3B02 /* Frameworks */ = {
			isa = PBXFrameworksBuildPhase;
			buildActionMask = 2147483647;
			files = (
			);
			runOnlyForDeploymentPostprocessing = 0;
		};
		3617F0431F2352F2009A3B02 /* Frameworks */ = {
			isa = PBXFrameworksBuildPhase;
			buildActionMask = 2147483647;
			files = (
			);
			runOnlyForDeploymentPostprocessing = 0;
		};
/* End PBXFrameworksBuildPhase section */

/* Begin PBXGroup section */
		3617F0291F2352F1009A3B02 = {
			isa = PBXGroup;
			children = (
				3617F0341F2352F2009A3B02 /* SkillSwap */,
				3617F0491F2352F2009A3B02 /* SkillSwapTests */,
				3617F0331F2352F2009A3B02 /* Products */,
			);
			sourceTree = "<group>";
		};
		3617F0331F2352F2009A3B02 /* Products */ = {
			isa = PBXGroup;
			children = (
				3617F0321F2352F2009A3B02 /* SkillSwap.app */,
				3617F0461F2352F2009A3B02 /* SkillSwapTests.xctest */,
			);
			name = Products;
			sourceTree = "<group>";
		};
		3617F0341F2352F2009A3B02 /* SkillSwap */ = {
			isa = PBXGroup;
			children = (
				3617F0611F2380BF009A3B02 /* AppDelegate.swift */,
				3617F0671F24AB92009A3B02 /* User.swift */,
				363EB0FE1F273CEE00324C01 /* GlobalVar.swift */,
				3617F0591F2380A6009A3B02 /* MapsViewController.swift */,
				3617F05A1F2380A6009A3B02 /* MenuViewController.swift */,
				3617F05B1F2380A6009A3B02 /* ProfileViewController.swift */,
				3617F0631F2385C0009A3B02 /* LoginViewController.swift */,
				3617F0651F24A851009A3B02 /* RegisterViewController.swift */,
				36A8BF7A1F2B4AA30091711D /* ManageSkillsViewController.swift */,
				36A8BF7C1F2B831E0091711D /* TableCell.swift */,
				3617F05F1F2380B6009A3B02 /* defaultPerson.png */,
				3617F03C1F2352F2009A3B02 /* Assets.xcassets */,
				3617F0391F2352F2009A3B02 /* Main.storyboard */,
				3617F03E1F2352F2009A3B02 /* LaunchScreen.storyboard */,
				3617F0411F2352F2009A3B02 /* Info.plist */,
			);
			path = SkillSwap;
			sourceTree = "<group>";
		};
		3617F0491F2352F2009A3B02 /* SkillSwapTests */ = {
			isa = PBXGroup;
			children = (
				3617F04A1F2352F2009A3B02 /* SkillSwapTests.swift */,
				3617F04C1F2352F2009A3B02 /* Info.plist */,
			);
			path = SkillSwapTests;
			sourceTree = "<group>";
		};
/* End PBXGroup section */

/* Begin PBXNativeTarget section */
		3617F0311F2352F2009A3B02 /* SkillSwap */ = {
			isa = PBXNativeTarget;
			buildConfigurationList = 3617F04F1F2352F2009A3B02 /* Build configuration list for PBXNativeTarget "SkillSwap" */;
			buildPhases = (
				3617F02E1F2352F2009A3B02 /* Sources */,
				3617F02F1F2352F2009A3B02 /* Frameworks */,
				3617F0301F2352F2009A3B02 /* Resources */,
			);
			buildRules = (
			);
			dependencies = (
			);
			name = SkillSwap;
			productName = SkillSwap;
			productReference = 3617F0321F2352F2009A3B02 /* SkillSwap.app */;
			productType = "com.apple.product-type.application";
		};
		3617F0451F2352F2009A3B02 /* SkillSwapTests */ = {
			isa = PBXNativeTarget;
			buildConfigurationList = 3617F0521F2352F2009A3B02 /* Build configuration list for PBXNativeTarget "SkillSwapTests" */;
			buildPhases = (
				3617F0421F2352F2009A3B02 /* Sources */,
				3617F0431F2352F2009A3B02 /* Frameworks */,
				3617F0441F2352F2009A3B02 /* Resources */,
			);
			buildRules = (
			);
			dependencies = (
				3617F0481F2352F2009A3B02 /* PBXTargetDependency */,
			);
			name = SkillSwapTests;
			productName = SkillSwapTests;
			productReference = 3617F0461F2352F2009A3B02 /* SkillSwapTests.xctest */;
			productType = "com.apple.product-type.bundle.unit-test";
		};
/* End PBXNativeTarget section */

/* Begin PBXProject section */
		3617F02A1F2352F1009A3B02 /* Project object */ = {
			isa = PBXProject;
			attributes = {
				LastSwiftUpdateCheck = 0830;
				LastUpgradeCheck = 0830;
				ORGANIZATIONNAME = "George Bonnici-Carter";
				TargetAttributes = {
					3617F0311F2352F2009A3B02 = {
						CreatedOnToolsVersion = 8.3.3;
						ProvisioningStyle = Automatic;
					};
					3617F0451F2352F2009A3B02 = {
						CreatedOnToolsVersion = 8.3.3;
						DevelopmentTeam = PBGS6554L8;
						ProvisioningStyle = Automatic;
						TestTargetID = 3617F0311F2352F2009A3B02;
					};
				};
			};
			buildConfigurationList = 3617F02D1F2352F1009A3B02 /* Build configuration list for PBXProject "SkillSwap" */;
			compatibilityVersion = "Xcode 3.2";
			developmentRegion = English;
			hasScannedForEncodings = 0;
			knownRegions = (
				en,
				Base,
			);
			mainGroup = 3617F0291F2352F1009A3B02;
			productRefGroup = 3617F0331F2352F2009A3B02 /* Products */;
			projectDirPath = "";
			projectRoot = "";
			targets = (
				3617F0311F2352F2009A3B02 /* SkillSwap */,
				3617F0451F2352F2009A3B02 /* SkillSwapTests */,
			);
		};
/* End PBXProject section */

/* Begin PBXResourcesBuildPhase section */
		3617F0301F2352F2009A3B02 /* Resources */ = {
			isa = PBXResourcesBuildPhase;
			buildActionMask = 2147483647;
			files = (
				3617F0601F2380B6009A3B02 /* defaultPerson.png in Resources */,
				3617F0401F2352F2009A3B02 /* LaunchScreen.storyboard in Resources */,
				3617F03D1F2352F2009A3B02 /* Assets.xcassets in Resources */,
				3617F03B1F2352F2009A3B02 /* Main.storyboard in Resources */,
			);
			runOnlyForDeploymentPostprocessing = 0;
		};
		3617F0441F2352F2009A3B02 /* Resources */ = {
			isa = PBXResourcesBuildPhase;
			buildActionMask = 2147483647;
			files = (
			);
			runOnlyForDeploymentPostprocessing = 0;
		};
/* End PBXResourcesBuildPhase section */

/* Begin PBXSourcesBuildPhase section */
		3617F02E1F2352F2009A3B02 /* Sources */ = {
			isa = PBXSourcesBuildPhase;
			buildActionMask = 2147483647;
			files = (
				36A8BF7D1F2B831E0091711D /* TableCell.swift in Sources */,
				3617F05D1F2380A6009A3B02 /* MenuViewController.swift in Sources */,
				3617F05E1F2380A6009A3B02 /* ProfileViewController.swift in Sources */,
				36A8BF7B1F2B4AA30091711D /* ManageSkillsViewController.swift in Sources */,
				3617F0621F2380BF009A3B02 /* AppDelegate.swift in Sources */,
				3617F0661F24A851009A3B02 /* RegisterViewController.swift in Sources */,
				363EB0FF1F273CEE00324C01 /* GlobalVar.swift in Sources */,
				3617F0641F2385C0009A3B02 /* LoginViewController.swift in Sources */,
				3617F05C1F2380A6009A3B02 /* MapsViewController.swift in Sources */,
				3617F0681F24AB93009A3B02 /* User.swift in Sources */,
			);
			runOnlyForDeploymentPostprocessing = 0;
		};
		3617F0421F2352F2009A3B02 /* Sources */ = {
			isa = PBXSourcesBuildPhase;
			buildActionMask = 2147483647;
			files = (
				3617F04B1F2352F2009A3B02 /* SkillSwapTests.swift in Sources */,
			);
			runOnlyForDeploymentPostprocessing = 0;
		};
/* End PBXSourcesBuildPhase section */

/* Begin PBXTargetDependency section */
		3617F0481F2352F2009A3B02 /* PBXTargetDependency */ = {
			isa = PBXTargetDependency;
			target = 3617F0311F2352F2009A3B02 /* SkillSwap */;
			targetProxy = 3617F0471F2352F2009A3B02 /* PBXContainerItemProxy */;
		};
/* End PBXTargetDependency section */

/* Begin PBXVariantGroup section */
		3617F0391F2352F2009A3B02 /* Main.storyboard */ = {
			isa = PBXVariantGroup;
			children = (
				3617F03A1F2352F2009A3B02 /* Base */,
			);
			name = Main.storyboard;
			sourceTree = "<group>";
		};
		3617F03E1F2352F2009A3B02 /* LaunchScreen.storyboard */ = {
			isa = PBXVariantGroup;
			children = (
				3617F03F1F2352F2009A3B02 /* Base */,
			);
			name = LaunchScreen.storyboard;
			sourceTree = "<group>";
		};
/* End PBXVariantGroup section */

/* Begin XCBuildConfiguration section */
		3617F04D1F2352F2009A3B02 /* Debug */ = {
			isa = XCBuildConfiguration;
			buildSettings = {
				ALWAYS_SEARCH_USER_PATHS = NO;
				CLANG_ANALYZER_NONNULL = YES;
				CLANG_ANALYZER_NUMBER_OBJECT_CONVERSION = YES_AGGRESSIVE;
				CLANG_CXX_LANGUAGE_STANDARD = "gnu++0x";
				CLANG_CXX_LIBRARY = "libc++";
				CLANG_ENABLE_MODULES = YES;
				CLANG_ENABLE_OBJC_ARC = YES;
				CLANG_WARN_BOOL_CONVERSION = YES;
				CLANG_WARN_CONSTANT_CONVERSION = YES;
				CLANG_WARN_DIRECT_OBJC_ISA_USAGE = YES_ERROR;
				CLANG_WARN_DOCUMENTATION_COMMENTS = YES;
				CLANG_WARN_EMPTY_BODY = YES;
				CLANG_WARN_ENUM_CONVERSION = YES;
				CLANG_WARN_INFINITE_RECURSION = YES;
				CLANG_WARN_INT_CONVERSION = YES;
				CLANG_WARN_OBJC_ROOT_CLASS = YES_ERROR;
				CLANG_WARN_SUSPICIOUS_MOVE = YES;
				CLANG_WARN_UNREACHABLE_CODE = YES;
				CLANG_WARN__DUPLICATE_METHOD_MATCH = YES;
				"CODE_SIGN_IDENTITY[sdk=iphoneos*]" = "iPhone Developer";
				COPY_PHASE_STRIP = NO;
				DEBUG_INFORMATION_FORMAT = dwarf;
				ENABLE_STRICT_OBJC_MSGSEND = YES;
				ENABLE_TESTABILITY = YES;
				GCC_C_LANGUAGE_STANDARD = gnu99;
				GCC_DYNAMIC_NO_PIC = NO;
				GCC_NO_COMMON_BLOCKS = YES;
				GCC_OPTIMIZATION_LEVEL = 0;
				GCC_PREPROCESSOR_DEFINITIONS = (
					"DEBUG=1",
					"$(inherited)",
				);
				GCC_WARN_64_TO_32_BIT_CONVERSION = YES;
				GCC_WARN_ABOUT_RETURN_TYPE = YES_ERROR;
				GCC_WARN_UNDECLARED_SELECTOR = YES;
				GCC_WARN_UNINITIALIZED_AUTOS = YES_AGGRESSIVE;
				GCC_WARN_UNUSED_FUNCTION = YES;
				GCC_WARN_UNUSED_VARIABLE = YES;
				IPHONEOS_DEPLOYMENT_TARGET = 10.3;
				MTL_ENABLE_DEBUG_INFO = YES;
				ONLY_ACTIVE_ARCH = YES;
				SDKROOT = iphoneos;
				SWIFT_ACTIVE_COMPILATION_CONDITIONS = DEBUG;
				SWIFT_OPTIMIZATION_LEVEL = "-Onone";
				TARGETED_DEVICE_FAMILY = "1,2";
			};
			name = Debug;
		};
		3617F04E1F2352F2009A3B02 /* Release */ = {
			isa = XCBuildConfiguration;
			buildSettings = {
				ALWAYS_SEARCH_USER_PATHS = NO;
				CLANG_ANALYZER_NONNULL = YES;
				CLANG_ANALYZER_NUMBER_OBJECT_CONVERSION = YES_AGGRESSIVE;
				CLANG_CXX_LANGUAGE_STANDARD = "gnu++0x";
				CLANG_CXX_LIBRARY = "libc++";
				CLANG_ENABLE_MODULES = YES;
				CLANG_ENABLE_OBJC_ARC = YES;
				CLANG_WARN_BOOL_CONVERSION = YES;
				CLANG_WARN_CONSTANT_CONVERSION = YES;
				CLANG_WARN_DIRECT_OBJC_ISA_USAGE = YES_ERROR;
				CLANG_WARN_DOCUMENTATION_COMMENTS = YES;
				CLANG_WARN_EMPTY_BODY = YES;
				CLANG_WARN_ENUM_CONVERSION = YES;
				CLANG_WARN_INFINITE_RECURSION = YES;
				CLANG_WARN_INT_CONVERSION = YES;
				CLANG_WARN_OBJC_ROOT_CLASS = YES_ERROR;
				CLANG_WARN_SUSPICIOUS_MOVE = YES;
				CLANG_WARN_UNREACHABLE_CODE = YES;
				CLANG_WARN__DUPLICATE_METHOD_MATCH = YES;
				"CODE_SIGN_IDENTITY[sdk=iphoneos*]" = "iPhone Developer";
				COPY_PHASE_STRIP = NO;
				DEBUG_INFORMATION_FORMAT = "dwarf-with-dsym";
				ENABLE_NS_ASSERTIONS = NO;
				ENABLE_STRICT_OBJC_MSGSEND = YES;
				GCC_C_LANGUAGE_STANDARD = gnu99;
				GCC_NO_COMMON_BLOCKS = YES;
				GCC_WARN_64_TO_32_BIT_CONVERSION = YES;
				GCC_WARN_ABOUT_RETURN_TYPE = YES_ERROR;
				GCC_WARN_UNDECLARED_SELECTOR = YES;
				GCC_WARN_UNINITIALIZED_AUTOS = YES_AGGRESSIVE;
				GCC_WARN_UNUSED_FUNCTION = YES;
				GCC_WARN_UNUSED_VARIABLE = YES;
				IPHONEOS_DEPLOYMENT_TARGET = 10.3;
				MTL_ENABLE_DEBUG_INFO = NO;
				SDKROOT = iphoneos;
				SWIFT_OPTIMIZATION_LEVEL = "-Owholemodule";
				TARGETED_DEVICE_FAMILY = "1,2";
				VALIDATE_PRODUCT = YES;
			};
			name = Release;
		};
		3617F0501F2352F2009A3B02 /* Debug */ = {
			isa = XCBuildConfiguration;
			buildSettings = {
				ASSETCATALOG_COMPILER_APPICON_NAME = AppIcon;
				"CODE_SIGN_IDENTITY[sdk=iphoneos*]" = "iPhone Developer";
				DEVELOPMENT_TEAM = "";
				INFOPLIST_FILE = SkillSwap/Info.plist;
				IPHONEOS_DEPLOYMENT_TARGET = 10.3;
				LD_RUNPATH_SEARCH_PATHS = "$(inherited) @executable_path/Frameworks";
				PRODUCT_BUNDLE_IDENTIFIER = com.example.SkillSwap;
				PRODUCT_NAME = "$(TARGET_NAME)";
				PROVISIONING_PROFILE_SPECIFIER = "";
				SWIFT_VERSION = 3.0;
			};
			name = Debug;
		};
		3617F0511F2352F2009A3B02 /* Release */ = {
			isa = XCBuildConfiguration;
			buildSettings = {
				ASSETCATALOG_COMPILER_APPICON_NAME = AppIcon;
				"CODE_SIGN_IDENTITY[sdk=iphoneos*]" = "iPhone Developer";
				DEVELOPMENT_TEAM = "";
				INFOPLIST_FILE = SkillSwap/Info.plist;
				IPHONEOS_DEPLOYMENT_TARGET = 10.3;
				LD_RUNPATH_SEARCH_PATHS = "$(inherited) @executable_path/Frameworks";
				PRODUCT_BUNDLE_IDENTIFIER = com.example.SkillSwap;
				PRODUCT_NAME = "$(TARGET_NAME)";
				PROVISIONING_PROFILE_SPECIFIER = "";
				SWIFT_VERSION = 3.0;
			};
			name = Release;
		};
		3617F0531F2352F2009A3B02 /* Debug */ = {
			isa = XCBuildConfiguration;
			buildSettings = {
				ALWAYS_EMBED_SWIFT_STANDARD_LIBRARIES = YES;
				BUNDLE_LOADER = "$(TEST_HOST)";
				"CODE_SIGN_IDENTITY[sdk=iphoneos*]" = "iPhone Developer";
				DEVELOPMENT_TEAM = PBGS6554L8;
				INFOPLIST_FILE = SkillSwapTests/Info.plist;
				LD_RUNPATH_SEARCH_PATHS = "$(inherited) @executable_path/Frameworks @loader_path/Frameworks";
				PRODUCT_BUNDLE_IDENTIFIER = com.example.SkillSwapTests;
				PRODUCT_NAME = "$(TARGET_NAME)";
				PROVISIONING_PROFILE_SPECIFIER = "";
				SWIFT_VERSION = 3.0;
				TEST_HOST = "$(BUILT_PRODUCTS_DIR)/SkillSwap.app/SkillSwap";
			};
			name = Debug;
		};
		3617F0541F2352F2009A3B02 /* Release */ = {
			isa = XCBuildConfiguration;
			buildSettings = {
				ALWAYS_EMBED_SWIFT_STANDARD_LIBRARIES = YES;
				BUNDLE_LOADER = "$(TEST_HOST)";
				"CODE_SIGN_IDENTITY[sdk=iphoneos*]" = "iPhone Developer";
				DEVELOPMENT_TEAM = PBGS6554L8;
				INFOPLIST_FILE = SkillSwapTests/Info.plist;
				LD_RUNPATH_SEARCH_PATHS = "$(inherited) @executable_path/Frameworks @loader_path/Frameworks";
				PRODUCT_BUNDLE_IDENTIFIER = com.example.SkillSwapTests;
				PRODUCT_NAME = "$(TARGET_NAME)";
				PROVISIONING_PROFILE_SPECIFIER = "";
				SWIFT_VERSION = 3.0;
				TEST_HOST = "$(BUILT_PRODUCTS_DIR)/SkillSwap.app/SkillSwap";
			};
			name = Release;
		};
/* End XCBuildConfiguration section */

/* Begin XCConfigurationList section */
		3617F02D1F2352F1009A3B02 /* Build configuration list for PBXProject "SkillSwap" */ = {
			isa = XCConfigurationList;
			buildConfigurations = (
				3617F04D1F2352F2009A3B02 /* Debug */,
				3617F04E1F2352F2009A3B02 /* Release */,
			);
			defaultConfigurationIsVisible = 0;
			defaultConfigurationName = Release;
		};
		3617F04F1F2352F2009A3B02 /* Build configuration list for PBXNativeTarget "SkillSwap" */ = {
			isa = XCConfigurationList;
			buildConfigurations = (
				3617F0501F2352F2009A3B02 /* Debug */,
				3617F0511F2352F2009A3B02 /* Release */,
			);
			defaultConfigurationIsVisible = 0;
			defaultConfigurationName = Release;
		};
		3617F0521F2352F2009A3B02 /* Build configuration list for PBXNativeTarget "SkillSwapTests" */ = {
			isa = XCConfigurationList;
			buildConfigurations = (
				3617F0531F2352F2009A3B02 /* Debug */,
				3617F0541F2352F2009A3B02 /* Release */,
			);
			defaultConfigurationIsVisible = 0;
			defaultConfigurationName = Release;
		};
/* End XCConfigurationList section */
	};
	rootObject = 3617F02A1F2352F1009A3B02 /* Project object */;
}
